<?xml version="1.0" encoding="utf-8"?>
<Project ToolsVersion="4.0" xmlns="http://schemas.microsoft.com/developer/msbuild/2003">
  <ItemGroup>
    <Filter Include="Form Files">
      <UniqueIdentifier>{99349809-55BA-4b9d-BF79-8FDBB0286EB3}</UniqueIdentifier>
      <Extensions>ui</Extensions>
    </Filter>
    <Filter Include="Resource Files">
      <UniqueIdentifier>{D9D6E242-F8AF-46E4-B9FD-80ECBC20BA3E}</UniqueIdentifier>
      <Extensions>qrc;*</Extensions>
      <ParseFiles>false</ParseFiles>
    </Filter>
    <Filter Include="Generated Files">
      <UniqueIdentifier>{71ED8ED8-ACB9-4CE9-BBE1-E00B30144E11}</UniqueIdentifier>
      <Extensions>moc;h;cpp</Extensions>
      <SourceControlFiles>False</SourceControlFiles>
    </Filter>
    <Filter Include="Generated Files\Debug">
      <UniqueIdentifier>{6df300f3-0854-49d7-beed-6294f5b838a5}</UniqueIdentifier>
      <Extensions>cpp;moc</Extensions>
      <SourceControlFiles>False</SourceControlFiles>
    </Filter>
    <Filter Include="Generated Files\Release">
      <UniqueIdentifier>{791d9b9e-2395-49f2-a852-afd3ed336fcc}</UniqueIdentifier>
      <Extensions>cpp;moc</Extensions>
      <SourceControlFiles>False</SourceControlFiles>
    </Filter>
    <Filter Include="Model">
      <UniqueIdentifier>{33e05858-939c-4785-9fdb-ba8c1934fec4}</UniqueIdentifier>
    </Filter>
    <Filter Include="View">
      <UniqueIdentifier>{0ffd04c8-3285-4163-855f-99776d2fd01d}</UniqueIdentifier>
    </Filter>
    <Filter Include="Controller">
      <UniqueIdentifier>{c9a3b563-67c5-43a9-bcbf-d90ce1e6e000}</UniqueIdentifier>
    </Filter>
    <Filter Include="Application">
      <UniqueIdentifier>{ebddc3da-0a75-475e-a098-ad222903859a}</UniqueIdentifier>
    </Filter>
  </ItemGroup>
  <ItemGroup>
    <ClCompile Include="GeneratedFiles\qrc_ydj.cpp">
      <Filter>Generated Files</Filter>
    </ClCompile>
    <ClCompile Include="View\ydj.cpp">
      <Filter>View</Filter>
    </ClCompile>
    <ClCompile Include="GeneratedFiles\Debug\moc_ydj.cpp">
      <Filter>Generated Files\Debug</Filter>
    </ClCompile>
    <ClCompile Include="GeneratedFiles\Release\moc_ydj.cpp">
      <Filter>Generated Files\Release</Filter>
    </ClCompile>
    <ClCompile Include="Application\main.cpp">
      <Filter>Application</Filter>
    </ClCompile>
    <ClCompile Include="Application\ObServer.cpp">
      <Filter>Application</Filter>
    </ClCompile>
    <ClCompile Include="Application\Facada.cpp">
      <Filter>Application</Filter>
    </ClCompile>
  </ItemGroup>
  <ItemGroup>
    <CustomBuild Include="ydj.ui">
      <Filter>Form Files</Filter>
    </CustomBuild>
    <CustomBuild Include="ydj.qrc">
      <Filter>Resource Files</Filter>
    </CustomBuild>
    <CustomBuild Include="View\ydj.h">
      <Filter>View</Filter>
    </CustomBuild>
  </ItemGroup>
  <ItemGroup>
    <ClInclude Include="GeneratedFiles\ui_ydj.h">
      <Filter>Generated Files</Filter>
    </ClInclude>
    <ClInclude Include="Application\ObServer.h">
      <Filter>Application</Filter>
    </ClInclude>
    <ClInclude Include="Application\NotofyDefine.h">
      <Filter>Application</Filter>
    </ClInclude>
    <ClInclude Include="Application\Facada.h">
      <Filter>Application</Filter>
    </ClInclude>
  </ItemGroup>
</Project>